// !$*UTF8*$!
{
	archiveVersion = 1;
	classes = {
	};
	objectVersion = 46;
	objects = {

/* Begin PBXBuildFile section */
		8087702A90AD9305A4B5ED27 /* Pods_Checkit_iOS.framework in Frameworks */ = {isa = PBXBuildFile; fileRef = 0071F4263B1B49D79E15BF94 /* Pods_Checkit_iOS.framework */; };
		9DA2849E1C929103000948E8 /* AppDelegate.swift in Sources */ = {isa = PBXBuildFile; fileRef = 9DA2849D1C929103000948E8 /* AppDelegate.swift */; };
		9DA284A01C929103000948E8 /* ViewController.swift in Sources */ = {isa = PBXBuildFile; fileRef = 9DA2849F1C929103000948E8 /* ViewController.swift */; };
		9DA284A31C929103000948E8 /* Main.storyboard in Resources */ = {isa = PBXBuildFile; fileRef = 9DA284A11C929103000948E8 /* Main.storyboard */; };
		9DA284A51C929103000948E8 /* Assets.xcassets in Resources */ = {isa = PBXBuildFile; fileRef = 9DA284A41C929103000948E8 /* Assets.xcassets */; };
		9DA284A81C929103000948E8 /* LaunchScreen.storyboard in Resources */ = {isa = PBXBuildFile; fileRef = 9DA284A61C929103000948E8 /* LaunchScreen.storyboard */; };
		9DA284B31C929104000948E8 /* Checkit_iOSTests.swift in Sources */ = {isa = PBXBuildFile; fileRef = 9DA284B21C929104000948E8 /* Checkit_iOSTests.swift */; };
		9DA284BE1C929104000948E8 /* Checkit_iOSUITests.swift in Sources */ = {isa = PBXBuildFile; fileRef = 9DA284BD1C929104000948E8 /* Checkit_iOSUITests.swift */; };
		9DD33FC51C95F5B1006FAF4C /* LandingViewController.swift in Sources */ = {isa = PBXBuildFile; fileRef = 9DD33FC41C95F5B1006FAF4C /* LandingViewController.swift */; };
		D089FDBD1C936654003C92F9 /* Podfile in Resources */ = {isa = PBXBuildFile; fileRef = D089FDBC1C936654003C92F9 /* Podfile */; };
		D089FDC21C93683F003C92F9 /* Check.swift in Sources */ = {isa = PBXBuildFile; fileRef = D089FDC11C93683F003C92F9 /* Check.swift */; };
		D089FDC41C93758D003C92F9 /* CheckViewController.swift in Sources */ = {isa = PBXBuildFile; fileRef = D089FDC31C93758D003C92F9 /* CheckViewController.swift */; };
		D089FDC71C938057003C92F9 /* Global.swift in Sources */ = {isa = PBXBuildFile; fileRef = D089FDC61C938057003C92F9 /* Global.swift */; };
/* End PBXBuildFile section */

/* Begin PBXContainerItemProxy section */
		9DA284AF1C929103000948E8 /* PBXContainerItemProxy */ = {
			isa = PBXContainerItemProxy;
			containerPortal = 9DA284921C929103000948E8 /* Project object */;
			proxyType = 1;
			remoteGlobalIDString = 9DA284991C929103000948E8;
			remoteInfo = "Checkit-iOS";
		};
		9DA284BA1C929104000948E8 /* PBXContainerItemProxy */ = {
			isa = PBXContainerItemProxy;
			containerPortal = 9DA284921C929103000948E8 /* Project object */;
			proxyType = 1;
			remoteGlobalIDString = 9DA284991C929103000948E8;
			remoteInfo = "Checkit-iOS";
		};
/* End PBXContainerItemProxy section */

/* Begin PBXFileReference section */
		0071F4263B1B49D79E15BF94 /* Pods_Checkit_iOS.framework */ = {isa = PBXFileReference; explicitFileType = wrapper.framework; includeInIndex = 0; path = Pods_Checkit_iOS.framework; sourceTree = BUILT_PRODUCTS_DIR; };
		175E4446377B0E483CB0C13E /* Pods-Checkit-iOS.release.xcconfig */ = {isa = PBXFileReference; includeInIndex = 1; lastKnownFileType = text.xcconfig; name = "Pods-Checkit-iOS.release.xcconfig"; path = "Pods/Target Support Files/Pods-Checkit-iOS/Pods-Checkit-iOS.release.xcconfig"; sourceTree = "<group>"; };
		9DA2849A1C929103000948E8 /* Checkit-iOS.app */ = {isa = PBXFileReference; explicitFileType = wrapper.application; includeInIndex = 0; path = "Checkit-iOS.app"; sourceTree = BUILT_PRODUCTS_DIR; };
		9DA2849D1C929103000948E8 /* AppDelegate.swift */ = {isa = PBXFileReference; lastKnownFileType = sourcecode.swift; path = AppDelegate.swift; sourceTree = "<group>"; };
		9DA2849F1C929103000948E8 /* ViewController.swift */ = {isa = PBXFileReference; lastKnownFileType = sourcecode.swift; path = ViewController.swift; sourceTree = "<group>"; };
		9DA284A21C929103000948E8 /* Base */ = {isa = PBXFileReference; lastKnownFileType = file.storyboard; name = Base; path = Base.lproj/Main.storyboard; sourceTree = "<group>"; };
		9DA284A41C929103000948E8 /* Assets.xcassets */ = {isa = PBXFileReference; lastKnownFileType = folder.assetcatalog; path = Assets.xcassets; sourceTree = "<group>"; };
		9DA284A71C929103000948E8 /* Base */ = {isa = PBXFileReference; lastKnownFileType = file.storyboard; name = Base; path = Base.lproj/LaunchScreen.storyboard; sourceTree = "<group>"; };
		9DA284A91C929103000948E8 /* Info.plist */ = {isa = PBXFileReference; lastKnownFileType = text.plist.xml; path = Info.plist; sourceTree = "<group>"; };
		9DA284AE1C929103000948E8 /* Checkit-iOSTests.xctest */ = {isa = PBXFileReference; explicitFileType = wrapper.cfbundle; includeInIndex = 0; path = "Checkit-iOSTests.xctest"; sourceTree = BUILT_PRODUCTS_DIR; };
		9DA284B21C929104000948E8 /* Checkit_iOSTests.swift */ = {isa = PBXFileReference; lastKnownFileType = sourcecode.swift; path = Checkit_iOSTests.swift; sourceTree = "<group>"; };
		9DA284B41C929104000948E8 /* Info.plist */ = {isa = PBXFileReference; lastKnownFileType = text.plist.xml; path = Info.plist; sourceTree = "<group>"; };
		9DA284B91C929104000948E8 /* Checkit-iOSUITests.xctest */ = {isa = PBXFileReference; explicitFileType = wrapper.cfbundle; includeInIndex = 0; path = "Checkit-iOSUITests.xctest"; sourceTree = BUILT_PRODUCTS_DIR; };
		9DA284BD1C929104000948E8 /* Checkit_iOSUITests.swift */ = {isa = PBXFileReference; lastKnownFileType = sourcecode.swift; path = Checkit_iOSUITests.swift; sourceTree = "<group>"; };
		9DA284BF1C929104000948E8 /* Info.plist */ = {isa = PBXFileReference; lastKnownFileType = text.plist.xml; path = Info.plist; sourceTree = "<group>"; };
		9DD33FC41C95F5B1006FAF4C /* LandingViewController.swift */ = {isa = PBXFileReference; fileEncoding = 4; lastKnownFileType = sourcecode.swift; path = LandingViewController.swift; sourceTree = "<group>"; };
		C1E27599237AB3C2018EC337 /* Pods-Checkit-iOS.debug.xcconfig */ = {isa = PBXFileReference; includeInIndex = 1; lastKnownFileType = text.xcconfig; name = "Pods-Checkit-iOS.debug.xcconfig"; path = "Pods/Target Support Files/Pods-Checkit-iOS/Pods-Checkit-iOS.debug.xcconfig"; sourceTree = "<group>"; };
		D089FDBC1C936654003C92F9 /* Podfile */ = {isa = PBXFileReference; fileEncoding = 4; lastKnownFileType = text; path = Podfile; sourceTree = "<group>"; };
		D089FDC11C93683F003C92F9 /* Check.swift */ = {isa = PBXFileReference; fileEncoding = 4; lastKnownFileType = sourcecode.swift; path = Check.swift; sourceTree = "<group>"; };
		D089FDC31C93758D003C92F9 /* CheckViewController.swift */ = {isa = PBXFileReference; fileEncoding = 4; lastKnownFileType = sourcecode.swift; path = CheckViewController.swift; sourceTree = "<group>"; };
		D089FDC61C938057003C92F9 /* Global.swift */ = {isa = PBXFileReference; fileEncoding = 4; lastKnownFileType = sourcecode.swift; path = Global.swift; sourceTree = "<group>"; };
/* End PBXFileReference section */

/* Begin PBXFrameworksBuildPhase section */
		9DA284971C929103000948E8 /* Frameworks */ = {
			isa = PBXFrameworksBuildPhase;
			buildActionMask = 2147483647;
			files = (
				8087702A90AD9305A4B5ED27 /* Pods_Checkit_iOS.framework in Frameworks */,
			);
			runOnlyForDeploymentPostprocessing = 0;
		};
		9DA284AB1C929103000948E8 /* Frameworks */ = {
			isa = PBXFrameworksBuildPhase;
			buildActionMask = 2147483647;
			files = (
			);
			runOnlyForDeploymentPostprocessing = 0;
		};
		9DA284B61C929104000948E8 /* Frameworks */ = {
			isa = PBXFrameworksBuildPhase;
			buildActionMask = 2147483647;
			files = (
			);
			runOnlyForDeploymentPostprocessing = 0;
		};
/* End PBXFrameworksBuildPhase section */

/* Begin PBXGroup section */
		219272A88E07A1C7DA9EB616 /* Frameworks */ = {
			isa = PBXGroup;
			children = (
				0071F4263B1B49D79E15BF94 /* Pods_Checkit_iOS.framework */,
			);
			name = Frameworks;
			sourceTree = "<group>";
		};
		782429317A2B775F50E6D943 /* Pods */ = {
			isa = PBXGroup;
			children = (
				C1E27599237AB3C2018EC337 /* Pods-Checkit-iOS.debug.xcconfig */,
				175E4446377B0E483CB0C13E /* Pods-Checkit-iOS.release.xcconfig */,
			);
			name = Pods;
			sourceTree = "<group>";
		};
		9DA284911C929103000948E8 = {
			isa = PBXGroup;
			children = (
				D089FDBC1C936654003C92F9 /* Podfile */,
				9DA2849C1C929103000948E8 /* Checkit-iOS */,
				9DA284B11C929103000948E8 /* Checkit-iOSTests */,
				9DA284BC1C929104000948E8 /* Checkit-iOSUITests */,
				9DA2849B1C929103000948E8 /* Products */,
				782429317A2B775F50E6D943 /* Pods */,
				219272A88E07A1C7DA9EB616 /* Frameworks */,
			);
			sourceTree = "<group>";
		};
		9DA2849B1C929103000948E8 /* Products */ = {
			isa = PBXGroup;
			children = (
				9DA2849A1C929103000948E8 /* Checkit-iOS.app */,
				9DA284AE1C929103000948E8 /* Checkit-iOSTests.xctest */,
				9DA284B91C929104000948E8 /* Checkit-iOSUITests.xctest */,
			);
			name = Products;
			sourceTree = "<group>";
		};
		9DA2849C1C929103000948E8 /* Checkit-iOS */ = {
			isa = PBXGroup;
			children = (
				D089FDC51C938049003C92F9 /* Extension */,
				D089FDBE1C936814003C92F9 /* Models */,
				D089FDBF1C93681B003C92F9 /* Views */,
				D089FDC01C936821003C92F9 /* Controllers */,
				9DA2849D1C929103000948E8 /* AppDelegate.swift */,
				9DA284A11C929103000948E8 /* Main.storyboard */,
				9DA284A41C929103000948E8 /* Assets.xcassets */,
				9DA284A61C929103000948E8 /* LaunchScreen.storyboard */,
				9DA284A91C929103000948E8 /* Info.plist */,
			);
			path = "Checkit-iOS";
			sourceTree = "<group>";
		};
		9DA284B11C929103000948E8 /* Checkit-iOSTests */ = {
			isa = PBXGroup;
			children = (
				9DA284B21C929104000948E8 /* Checkit_iOSTests.swift */,
				9DA284B41C929104000948E8 /* Info.plist */,
			);
			path = "Checkit-iOSTests";
			sourceTree = "<group>";
		};
		9DA284BC1C929104000948E8 /* Checkit-iOSUITests */ = {
			isa = PBXGroup;
			children = (
				9DA284BD1C929104000948E8 /* Checkit_iOSUITests.swift */,
				9DA284BF1C929104000948E8 /* Info.plist */,
			);
			path = "Checkit-iOSUITests";
			sourceTree = "<group>";
		};
		D089FDBE1C936814003C92F9 /* Models */ = {
			isa = PBXGroup;
			children = (
				D089FDC11C93683F003C92F9 /* Check.swift */,
			);
			name = Models;
			sourceTree = "<group>";
		};
		D089FDBF1C93681B003C92F9 /* Views */ = {
			isa = PBXGroup;
			children = (
			);
			name = Views;
			sourceTree = "<group>";
		};
		D089FDC01C936821003C92F9 /* Controllers */ = {
			isa = PBXGroup;
			children = (
				9DD33FC41C95F5B1006FAF4C /* LandingViewController.swift */,
				9DA2849F1C929103000948E8 /* ViewController.swift */,
				D089FDC31C93758D003C92F9 /* CheckViewController.swift */,
			);
			name = Controllers;
			sourceTree = "<group>";
		};
		D089FDC51C938049003C92F9 /* Extension */ = {
			isa = PBXGroup;
			children = (
				D089FDC61C938057003C92F9 /* Global.swift */,
			);
			name = Extension;
			sourceTree = "<group>";
		};
/* End PBXGroup section */

/* Begin PBXNativeTarget section */
		9DA284991C929103000948E8 /* Checkit-iOS */ = {
			isa = PBXNativeTarget;
			buildConfigurationList = 9DA284C21C929104000948E8 /* Build configuration list for PBXNativeTarget "Checkit-iOS" */;
			buildPhases = (
				4AD569471CBCB15ECF45FCE8 /* Check Pods Manifest.lock */,
				9DA284961C929103000948E8 /* Sources */,
				9DA284971C929103000948E8 /* Frameworks */,
				9DA284981C929103000948E8 /* Resources */,
				06CA85D880CC515ED9F848AE /* Embed Pods Frameworks */,
				676008FD19FC134EE68DCFF0 /* Copy Pods Resources */,
			);
			buildRules = (
			);
			dependencies = (
			);
			name = "Checkit-iOS";
			productName = "Checkit-iOS";
			productReference = 9DA2849A1C929103000948E8 /* Checkit-iOS.app */;
			productType = "com.apple.product-type.application";
		};
		9DA284AD1C929103000948E8 /* Checkit-iOSTests */ = {
			isa = PBXNativeTarget;
			buildConfigurationList = 9DA284C51C929104000948E8 /* Build configuration list for PBXNativeTarget "Checkit-iOSTests" */;
			buildPhases = (
				9DA284AA1C929103000948E8 /* Sources */,
				9DA284AB1C929103000948E8 /* Frameworks */,
				9DA284AC1C929103000948E8 /* Resources */,
			);
			buildRules = (
			);
			dependencies = (
				9DA284B01C929103000948E8 /* PBXTargetDependency */,
			);
			name = "Checkit-iOSTests";
			productName = "Checkit-iOSTests";
			productReference = 9DA284AE1C929103000948E8 /* Checkit-iOSTests.xctest */;
			productType = "com.apple.product-type.bundle.unit-test";
		};
		9DA284B81C929104000948E8 /* Checkit-iOSUITests */ = {
			isa = PBXNativeTarget;
			buildConfigurationList = 9DA284C81C929104000948E8 /* Build configuration list for PBXNativeTarget "Checkit-iOSUITests" */;
			buildPhases = (
				9DA284B51C929104000948E8 /* Sources */,
				9DA284B61C929104000948E8 /* Frameworks */,
				9DA284B71C929104000948E8 /* Resources */,
			);
			buildRules = (
			);
			dependencies = (
				9DA284BB1C929104000948E8 /* PBXTargetDependency */,
			);
			name = "Checkit-iOSUITests";
			productName = "Checkit-iOSUITests";
			productReference = 9DA284B91C929104000948E8 /* Checkit-iOSUITests.xctest */;
			productType = "com.apple.product-type.bundle.ui-testing";
		};
/* End PBXNativeTarget section */

/* Begin PBXProject section */
		9DA284921C929103000948E8 /* Project object */ = {
			isa = PBXProject;
			attributes = {
				LastSwiftUpdateCheck = 0720;
				LastUpgradeCheck = 0720;
				ORGANIZATIONNAME = "Peter Hitchcock";
				TargetAttributes = {
					9DA284991C929103000948E8 = {
						CreatedOnToolsVersion = 7.2.1;
					};
					9DA284AD1C929103000948E8 = {
						CreatedOnToolsVersion = 7.2.1;
						TestTargetID = 9DA284991C929103000948E8;
					};
					9DA284B81C929104000948E8 = {
						CreatedOnToolsVersion = 7.2.1;
						TestTargetID = 9DA284991C929103000948E8;
					};
				};
			};
			buildConfigurationList = 9DA284951C929103000948E8 /* Build configuration list for PBXProject "Checkit-iOS" */;
			compatibilityVersion = "Xcode 3.2";
			developmentRegion = English;
			hasScannedForEncodings = 0;
			knownRegions = (
				en,
				Base,
			);
			mainGroup = 9DA284911C929103000948E8;
			productRefGroup = 9DA2849B1C929103000948E8 /* Products */;
			projectDirPath = "";
			projectRoot = "";
			targets = (
				9DA284991C929103000948E8 /* Checkit-iOS */,
				9DA284AD1C929103000948E8 /* Checkit-iOSTests */,
				9DA284B81C929104000948E8 /* Checkit-iOSUITests */,
			);
		};
/* End PBXProject section */

/* Begin PBXResourcesBuildPhase section */
		9DA284981C929103000948E8 /* Resources */ = {
			isa = PBXResourcesBuildPhase;
			buildActionMask = 2147483647;
			files = (
				9DA284A81C929103000948E8 /* LaunchScreen.storyboard in Resources */,
				9DA284A51C929103000948E8 /* Assets.xcassets in Resources */,
				D089FDBD1C936654003C92F9 /* Podfile in Resources */,
				9DA284A31C929103000948E8 /* Main.storyboard in Resources */,
			);
			runOnlyForDeploymentPostprocessing = 0;
		};
		9DA284AC1C929103000948E8 /* Resources */ = {
			isa = PBXResourcesBuildPhase;
			buildActionMask = 2147483647;
			files = (
			);
			runOnlyForDeploymentPostprocessing = 0;
		};
		9DA284B71C929104000948E8 /* Resources */ = {
			isa = PBXResourcesBuildPhase;
			buildActionMask = 2147483647;
			files = (
			);
			runOnlyForDeploymentPostprocessing = 0;
		};
/* End PBXResourcesBuildPhase section */

/* Begin PBXShellScriptBuildPhase section */
		06CA85D880CC515ED9F848AE /* Embed Pods Frameworks */ = {
			isa = PBXShellScriptBuildPhase;
			buildActionMask = 2147483647;
			files = (
			);
			inputPaths = (
			);
			name = "Embed Pods Frameworks";
			outputPaths = (
			);
			runOnlyForDeploymentPostprocessing = 0;
			shellPath = /bin/sh;
			shellScript = "\"${SRCROOT}/Pods/Target Support Files/Pods-Checkit-iOS/Pods-Checkit-iOS-frameworks.sh\"\n";
			showEnvVarsInLog = 0;
		};
		4AD569471CBCB15ECF45FCE8 /* Check Pods Manifest.lock */ = {
			isa = PBXShellScriptBuildPhase;
			buildActionMask = 2147483647;
			files = (
			);
			inputPaths = (
			);
			name = "Check Pods Manifest.lock";
			outputPaths = (
			);
			runOnlyForDeploymentPostprocessing = 0;
			shellPath = /bin/sh;
			shellScript = "diff \"${PODS_ROOT}/../Podfile.lock\" \"${PODS_ROOT}/Manifest.lock\" > /dev/null\nif [[ $? != 0 ]] ; then\n    cat << EOM\nerror: The sandbox is not in sync with the Podfile.lock. Run 'pod install' or update your CocoaPods installation.\nEOM\n    exit 1\nfi\n";
			showEnvVarsInLog = 0;
		};
		676008FD19FC134EE68DCFF0 /* Copy Pods Resources */ = {
			isa = PBXShellScriptBuildPhase;
			buildActionMask = 2147483647;
			files = (
			);
			inputPaths = (
			);
			name = "Copy Pods Resources";
			outputPaths = (
			);
			runOnlyForDeploymentPostprocessing = 0;
			shellPath = /bin/sh;
			shellScript = "\"${SRCROOT}/Pods/Target Support Files/Pods-Checkit-iOS/Pods-Checkit-iOS-resources.sh\"\n";
			showEnvVarsInLog = 0;
		};
/* End PBXShellScriptBuildPhase section */

/* Begin PBXSourcesBuildPhase section */
		9DA284961C929103000948E8 /* Sources */ = {
			isa = PBXSourcesBuildPhase;
			buildActionMask = 2147483647;
			files = (
				9DA284A01C929103000948E8 /* ViewController.swift in Sources */,
				D089FDC41C93758D003C92F9 /* CheckViewController.swift in Sources */,
				D089FDC71C938057003C92F9 /* Global.swift in Sources */,
				9DA2849E1C929103000948E8 /* AppDelegate.swift in Sources */,
				9DD33FC51C95F5B1006FAF4C /* LandingViewController.swift in Sources */,
				D089FDC21C93683F003C92F9 /* Check.swift in Sources */,
			);
			runOnlyForDeploymentPostprocessing = 0;
		};
		9DA284AA1C929103000948E8 /* Sources */ = {
			isa = PBXSourcesBuildPhase;
			buildActionMask = 2147483647;
			files = (
				9DA284B31C929104000948E8 /* Checkit_iOSTests.swift in Sources */,
			);
			runOnlyForDeploymentPostprocessing = 0;
		};
		9DA284B51C929104000948E8 /* Sources */ = {
			isa = PBXSourcesBuildPhase;
			buildActionMask = 2147483647;
			files = (
				9DA284BE1C929104000948E8 /* Checkit_iOSUITests.swift in Sources */,
			);
			runOnlyForDeploymentPostprocessing = 0;
		};
/* End PBXSourcesBuildPhase section */

/* Begin PBXTargetDependency section */
		9DA284B01C929103000948E8 /* PBXTargetDependency */ = {
			isa = PBXTargetDependency;
			target = 9DA284991C929103000948E8 /* Checkit-iOS */;
			targetProxy = 9DA284AF1C929103000948E8 /* PBXContainerItemProxy */;
		};
		9DA284BB1C929104000948E8 /* PBXTargetDependency */ = {
			isa = PBXTargetDependency;
			target = 9DA284991C929103000948E8 /* Checkit-iOS */;
			targetProxy = 9DA284BA1C929104000948E8 /* PBXContainerItemProxy */;
		};
/* End PBXTargetDependency section */

/* Begin PBXVariantGroup section */
		9DA284A11C929103000948E8 /* Main.storyboard */ = {
			isa = PBXVariantGroup;
			children = (
				9DA284A21C929103000948E8 /* Base */,
			);
			name = Main.storyboard;
			sourceTree = "<group>";
		};
		9DA284A61C929103000948E8 /* LaunchScreen.storyboard */ = {
			isa = PBXVariantGroup;
			children = (
				9DA284A71C929103000948E8 /* Base */,
			);
			name = LaunchScreen.storyboard;
			sourceTree = "<group>";
		};
/* End PBXVariantGroup section */

/* Begin XCBuildConfiguration section */
		9DA284C01C929104000948E8 /* Debug */ = {
			isa = XCBuildConfiguration;
			buildSettings = {
				ALWAYS_SEARCH_USER_PATHS = NO;
				CLANG_CXX_LANGUAGE_STANDARD = "gnu++0x";
				CLANG_CXX_LIBRARY = "libc++";
				CLANG_ENABLE_MODULES = YES;
				CLANG_ENABLE_OBJC_ARC = YES;
				CLANG_WARN_BOOL_CONVERSION = YES;
				CLANG_WARN_CONSTANT_CONVERSION = YES;
				CLANG_WARN_DIRECT_OBJC_ISA_USAGE = YES_ERROR;
				CLANG_WARN_EMPTY_BODY = YES;
				CLANG_WARN_ENUM_CONVERSION = YES;
				CLANG_WARN_INT_CONVERSION = YES;
				CLANG_WARN_OBJC_ROOT_CLASS = YES_ERROR;
				CLANG_WARN_UNREACHABLE_CODE = YES;
				CLANG_WARN__DUPLICATE_METHOD_MATCH = YES;
				"CODE_SIGN_IDENTITY[sdk=iphoneos*]" = "iPhone Developer";
				COPY_PHASE_STRIP = NO;
				DEBUG_INFORMATION_FORMAT = dwarf;
				ENABLE_STRICT_OBJC_MSGSEND = YES;
				ENABLE_TESTABILITY = YES;
				GCC_C_LANGUAGE_STANDARD = gnu99;
				GCC_DYNAMIC_NO_PIC = NO;
				GCC_NO_COMMON_BLOCKS = YES;
				GCC_OPTIMIZATION_LEVEL = 0;
				GCC_PREPROCESSOR_DEFINITIONS = (
					"DEBUG=1",
					"$(inherited)",
				);
				GCC_WARN_64_TO_32_BIT_CONVERSION = YES;
				GCC_WARN_ABOUT_RETURN_TYPE = YES_ERROR;
				GCC_WARN_UNDECLARED_SELECTOR = YES;
				GCC_WARN_UNINITIALIZED_AUTOS = YES_AGGRESSIVE;
				GCC_WARN_UNUSED_FUNCTION = YES;
				GCC_WARN_UNUSED_VARIABLE = YES;
				IPHONEOS_DEPLOYMENT_TARGET = 9.2;
				MTL_ENABLE_DEBUG_INFO = YES;
				ONLY_ACTIVE_ARCH = YES;
				SDKROOT = iphoneos;
				SWIFT_OPTIMIZATION_LEVEL = "-Onone";
			};
			name = Debug;
		};
		9DA284C11C929104000948E8 /* Release */ = {
			isa = XCBuildConfiguration;
			buildSettings = {
				ALWAYS_SEARCH_USER_PATHS = NO;
				CLANG_CXX_LANGUAGE_STANDARD = "gnu++0x";
				CLANG_CXX_LIBRARY = "libc++";
				CLANG_ENABLE_MODULES = YES;
				CLANG_ENABLE_OBJC_ARC = YES;
				CLANG_WARN_BOOL_CONVERSION = YES;
				CLANG_WARN_CONSTANT_CONVERSION = YES;
				CLANG_WARN_DIRECT_OBJC_ISA_USAGE = YES_ERROR;
				CLANG_WARN_EMPTY_BODY = YES;
				CLANG_WARN_ENUM_CONVERSION = YES;
				CLANG_WARN_INT_CONVERSION = YES;
				CLANG_WARN_OBJC_ROOT_CLASS = YES_ERROR;
				CLANG_WARN_UNREACHABLE_CODE = YES;
				CLANG_WARN__DUPLICATE_METHOD_MATCH = YES;
				"CODE_SIGN_IDENTITY[sdk=iphoneos*]" = "iPhone Developer";
				COPY_PHASE_STRIP = NO;
				DEBUG_INFORMATION_FORMAT = "dwarf-with-dsym";
				ENABLE_NS_ASSERTIONS = NO;
				ENABLE_STRICT_OBJC_MSGSEND = YES;
				GCC_C_LANGUAGE_STANDARD = gnu99;
				GCC_NO_COMMON_BLOCKS = YES;
				GCC_WARN_64_TO_32_BIT_CONVERSION = YES;
				GCC_WARN_ABOUT_RETURN_TYPE = YES_ERROR;
				GCC_WARN_UNDECLARED_SELECTOR = YES;
				GCC_WARN_UNINITIALIZED_AUTOS = YES_AGGRESSIVE;
				GCC_WARN_UNUSED_FUNCTION = YES;
				GCC_WARN_UNUSED_VARIABLE = YES;
				IPHONEOS_DEPLOYMENT_TARGET = 9.2;
				MTL_ENABLE_DEBUG_INFO = NO;
				SDKROOT = iphoneos;
				VALIDATE_PRODUCT = YES;
			};
			name = Release;
		};
		9DA284C31C929104000948E8 /* Debug */ = {
			isa = XCBuildConfiguration;
			baseConfigurationReference = C1E27599237AB3C2018EC337 /* Pods-Checkit-iOS.debug.xcconfig */;
			buildSettings = {
				ASSETCATALOG_COMPILER_APPICON_NAME = AppIcon;
				INFOPLIST_FILE = "Checkit-iOS/Info.plist";
				LD_RUNPATH_SEARCH_PATHS = "$(inherited) @executable_path/Frameworks";
				PRODUCT_BUNDLE_IDENTIFIER = "com.petehitchcock.Checkit-iOS";
				PRODUCT_NAME = "$(TARGET_NAME)";
			};
			name = Debug;
		};
		9DA284C41C929104000948E8 /* Release */ = {
			isa = XCBuildConfiguration;
			baseConfigurationReference = 175E4446377B0E483CB0C13E /* Pods-Checkit-iOS.release.xcconfig */;
			buildSettings = {
				ASSETCATALOG_COMPILER_APPICON_NAME = AppIcon;
				INFOPLIST_FILE = "Checkit-iOS/Info.plist";
				LD_RUNPATH_SEARCH_PATHS = "$(inherited) @executable_path/Frameworks";
				PRODUCT_BUNDLE_IDENTIFIER = "com.petehitchcock.Checkit-iOS";
				PRODUCT_NAME = "$(TARGET_NAME)";
			};
			name = Release;
		};
		9DA284C61C929104000948E8 /* Debug */ = {
			isa = XCBuildConfiguration;
			buildSettings = {
				BUNDLE_LOADER = "$(TEST_HOST)";
				INFOPLIST_FILE = "Checkit-iOSTests/Info.plist";
				LD_RUNPATH_SEARCH_PATHS = "$(inherited) @executable_path/Frameworks @loader_path/Frameworks";
				PRODUCT_BUNDLE_IDENTIFIER = "com.petehitchcock.Checkit-iOSTests";
				PRODUCT_NAME = "$(TARGET_NAME)";
				TEST_HOST = "$(BUILT_PRODUCTS_DIR)/Checkit-iOS.app/Checkit-iOS";
			};
			name = Debug;
		};
		9DA284C71C929104000948E8 /* Release */ = {
			isa = XCBuildConfiguration;
			buildSettings = {
				BUNDLE_LOADER = "$(TEST_HOST)";
				INFOPLIST_FILE = "Checkit-iOSTests/Info.plist";
				LD_RUNPATH_SEARCH_PATHS = "$(inherited) @executable_path/Frameworks @loader_path/Frameworks";
				PRODUCT_BUNDLE_IDENTIFIER = "com.petehitchcock.Checkit-iOSTests";
				PRODUCT_NAME = "$(TARGET_NAME)";
				TEST_HOST = "$(BUILT_PRODUCTS_DIR)/Checkit-iOS.app/Checkit-iOS";
			};
			name = Release;
		};
		9DA284C91C929104000948E8 /* Debug */ = {
			isa = XCBuildConfiguration;
			buildSettings = {
				INFOPLIST_FILE = "Checkit-iOSUITests/Info.plist";
				LD_RUNPATH_SEARCH_PATHS = "$(inherited) @executable_path/Frameworks @loader_path/Frameworks";
				PRODUCT_BUNDLE_IDENTIFIER = "com.petehitchcock.Checkit-iOSUITests";
				PRODUCT_NAME = "$(TARGET_NAME)";
				TEST_TARGET_NAME = "Checkit-iOS";
				USES_XCTRUNNER = YES;
			};
			name = Debug;
		};
		9DA284CA1C929104000948E8 /* Release */ = {
			isa = XCBuildConfiguration;
			buildSettings = {
				INFOPLIST_FILE = "Checkit-iOSUITests/Info.plist";
				LD_RUNPATH_SEARCH_PATHS = "$(inherited) @executable_path/Frameworks @loader_path/Frameworks";
				PRODUCT_BUNDLE_IDENTIFIER = "com.petehitchcock.Checkit-iOSUITests";
				PRODUCT_NAME = "$(TARGET_NAME)";
				TEST_TARGET_NAME = "Checkit-iOS";
				USES_XCTRUNNER = YES;
			};
			name = Release;
		};
/* End XCBuildConfiguration section */

/* Begin XCConfigurationList section */
		9DA284951C929103000948E8 /* Build configuration list for PBXProject "Checkit-iOS" */ = {
			isa = XCConfigurationList;
			buildConfigurations = (
				9DA284C01C929104000948E8 /* Debug */,
				9DA284C11C929104000948E8 /* Release */,
			);
			defaultConfigurationIsVisible = 0;
			defaultConfigurationName = Release;
		};
		9DA284C21C929104000948E8 /* Build configuration list for PBXNativeTarget "Checkit-iOS" */ = {
			isa = XCConfigurationList;
			buildConfigurations = (
				9DA284C31C929104000948E8 /* Debug */,
				9DA284C41C929104000948E8 /* Release */,
			);
			defaultConfigurationIsVisible = 0;
			defaultConfigurationName = Release;
		};
		9DA284C51C929104000948E8 /* Build configuration list for PBXNativeTarget "Checkit-iOSTests" */ = {
			isa = XCConfigurationList;
			buildConfigurations = (
				9DA284C61C929104000948E8 /* Debug */,
				9DA284C71C929104000948E8 /* Release */,
			);
			defaultConfigurationIsVisible = 0;
			defaultConfigurationName = Release;
		};
		9DA284C81C929104000948E8 /* Build configuration list for PBXNativeTarget "Checkit-iOSUITests" */ = {
			isa = XCConfigurationList;
			buildConfigurations = (
				9DA284C91C929104000948E8 /* Debug */,
				9DA284CA1C929104000948E8 /* Release */,
			);
			defaultConfigurationIsVisible = 0;
			defaultConfigurationName = Release;
		};
/* End XCConfigurationList section */
	};
	rootObject = 9DA284921C929103000948E8 /* Project object */;
}
